
Microsoft Visual Studio Solution File, Format Version 12.00
# Visual Studio Version 17
VisualStudioVersion = 17.14.36408.4 d17.14
MinimumVisualStudioVersion = 10.0.40219.1
Project("{FAE04EC0-301F-11D3-BF4B-00C04F79EFBC}") = "VentasApp", "VentasApp.csproj", "{636E3279-6585-478A-9839-23EDE22BC89F}"
EndProject
Global
	GlobalSection(SolutionConfigurationPlatforms) = preSolution
		Debug|Any CPU = Debug|Any CPU
		Release|Any CPU = Release|Any CPU
	EndGlobalSection
	GlobalSection(ProjectConfigurationPlatforms) = postSolution
		{636E3279-6585-478A-9839-23EDE22BC89F}.Debug|Any CPU.ActiveCfg = Debug|Any CPU
		{636E3279-6585-478A-9839-23EDE22BC89F}.Debug|Any CPU.Build.0 = Debug|Any CPU
		{636E3279-6585-478A-9839-23EDE22BC89F}.Release|Any CPU.ActiveCfg = Release|Any CPU
		{636E3279-6585-478A-9839-23EDE22BC89F}.Release|Any CPU.Build.0 = Release|Any CPU
	EndGlobalSection
	GlobalSection(SolutionProperties) = preSolution
		HideSolutionNode = FALSE
	EndGlobalSection
	GlobalSection(ExtensibilityGlobals) = postSolution
		SolutionGuid = {FA7A2933-A1E3-4D23-B1EB-EBE67359E40E}
	EndGlobalSection
EndGlobal
